
Microsoft Visual Studio Solution File, Format Version 12.00
# Visual Studio Version 17
VisualStudioVersion = 17.0.32126.317
MinimumVisualStudioVersion = 10.0.40219.1
Project("{FAE04EC0-301F-11D3-BF4B-00C04F79EFBC}") = "SysLog", "SysLog.csproj", "{F2904D58-9AA4-47F2-BD41-14A406E423B8}"
EndProject
Project("{FAE04EC0-301F-11D3-BF4B-00C04F79EFBC}") = "LogLib", "..\LogLib\LogLib.csproj", "{E89FE8A6-A8CA-4059-8535-7705FE05A66E}"
EndProject
Global
	GlobalSection(SolutionConfigurationPlatforms) = preSolution
		Debug|Any CPU = Debug|Any CPU
		Release|Any CPU = Release|Any CPU
	EndGlobalSection
	GlobalSection(ProjectConfigurationPlatforms) = postSolution
		{F2904D58-9AA4-47F2-BD41-14A406E423B8}.Debug|Any CPU.ActiveCfg = Debug|Any CPU
		{F2904D58-9AA4-47F2-BD41-14A406E423B8}.Debug|Any CPU.Build.0 = Debug|Any CPU
		{F2904D58-9AA4-47F2-BD41-14A406E423B8}.Release|Any CPU.ActiveCfg = Release|Any CPU
		{F2904D58-9AA4-47F2-BD41-14A406E423B8}.Release|Any CPU.Build.0 = Release|Any CPU
		{E89FE8A6-A8CA-4059-8535-7705FE05A66E}.Debug|Any CPU.ActiveCfg = Debug|Any CPU
		{E89FE8A6-A8CA-4059-8535-7705FE05A66E}.Debug|Any CPU.Build.0 = Debug|Any CPU
		{E89FE8A6-A8CA-4059-8535-7705FE05A66E}.Release|Any CPU.ActiveCfg = Release|Any CPU
		{E89FE8A6-A8CA-4059-8535-7705FE05A66E}.Release|Any CPU.Build.0 = Release|Any CPU
	EndGlobalSection
	GlobalSection(SolutionProperties) = preSolution
		HideSolutionNode = FALSE
	EndGlobalSection
	GlobalSection(ExtensibilityGlobals) = postSolution
		SolutionGuid = {A1A44250-D086-4289-ABA1-FF689A75EDC4}
	EndGlobalSection
EndGlobal
